
Microsoft Visual Studio Solution File, Format Version 12.00
# Visual Studio Version 17
VisualStudioVersion = 17.2.32630.192
MinimumVisualStudioVersion = 10.0.40219.1
Project("{FAE04EC0-301F-11D3-BF4B-00C04F79EFBC}") = "CdekApi", "CdekSdk\CdekSdk.csproj", "{B14EB380-E1D3-4341-BE7A-63406B0C43B5}"
EndProject
Project("{FAE04EC0-301F-11D3-BF4B-00C04F79EFBC}") = "CdekApi.Tests", "CdekSdk.Tests\CdekSdk.Tests.csproj", "{D17DA7BA-70EE-4F30-BB49-69A6C6AAB5D7}"
EndProject
Global
	GlobalSection(SolutionConfigurationPlatforms) = preSolution
		Debug|Any CPU = Debug|Any CPU
		Release|Any CPU = Release|Any CPU
	EndGlobalSection
	GlobalSection(ProjectConfigurationPlatforms) = postSolution
		{B14EB380-E1D3-4341-BE7A-63406B0C43B5}.Debug|Any CPU.ActiveCfg = Debug|Any CPU
		{B14EB380-E1D3-4341-BE7A-63406B0C43B5}.Debug|Any CPU.Build.0 = Debug|Any CPU
		{B14EB380-E1D3-4341-BE7A-63406B0C43B5}.Release|Any CPU.ActiveCfg = Release|Any CPU
		{B14EB380-E1D3-4341-BE7A-63406B0C43B5}.Release|Any CPU.Build.0 = Release|Any CPU
		{D17DA7BA-70EE-4F30-BB49-69A6C6AAB5D7}.Debug|Any CPU.ActiveCfg = Debug|Any CPU
		{D17DA7BA-70EE-4F30-BB49-69A6C6AAB5D7}.Debug|Any CPU.Build.0 = Debug|Any CPU
		{D17DA7BA-70EE-4F30-BB49-69A6C6AAB5D7}.Release|Any CPU.ActiveCfg = Release|Any CPU
		{D17DA7BA-70EE-4F30-BB49-69A6C6AAB5D7}.Release|Any CPU.Build.0 = Release|Any CPU
	EndGlobalSection
	GlobalSection(SolutionProperties) = preSolution
		HideSolutionNode = FALSE
	EndGlobalSection
	GlobalSection(ExtensibilityGlobals) = postSolution
		SolutionGuid = {83569BCD-4519-4DC1-8187-8FFD6EE20AC5}
	EndGlobalSection
EndGlobal
